
Microsoft Visual Studio Solution File, Format Version 12.00
# Visual Studio Version 17
VisualStudioVersion = 17.8.34316.72
MinimumVisualStudioVersion = 10.0.40219.1
Project("{9A19103F-16F7-4668-BE54-9A1E7A4F7556}") = "ZKWMDotNetCore.ConsoleApp", "ZKWMDotNetCore.ConsoleApp\ZKWMDotNetCore.ConsoleApp.csproj", "{D5200E60-7D75-476D-9729-2A59D2F4B642}"
EndProject
Project("{2150E333-8FDC-42A3-9474-1A3956D46DE8}") = "Documents", "Documents", "{748175E6-2DB7-4363-9A73-9A586ABC9CF0}"
	ProjectSection(SolutionItems) = preProject
		DotNetTrainingBatch4.sql = DotNetTrainingBatch4.sql
		README.md = README.md
	EndProjectSection
EndProject
Global
	GlobalSection(SolutionConfigurationPlatforms) = preSolution
		Debug|Any CPU = Debug|Any CPU
		Release|Any CPU = Release|Any CPU
	EndGlobalSection
	GlobalSection(ProjectConfigurationPlatforms) = postSolution
		{D5200E60-7D75-476D-9729-2A59D2F4B642}.Debug|Any CPU.ActiveCfg = Debug|Any CPU
		{D5200E60-7D75-476D-9729-2A59D2F4B642}.Debug|Any CPU.Build.0 = Debug|Any CPU
		{D5200E60-7D75-476D-9729-2A59D2F4B642}.Release|Any CPU.ActiveCfg = Release|Any CPU
		{D5200E60-7D75-476D-9729-2A59D2F4B642}.Release|Any CPU.Build.0 = Release|Any CPU
	EndGlobalSection
	GlobalSection(SolutionProperties) = preSolution
		HideSolutionNode = FALSE
	EndGlobalSection
	GlobalSection(ExtensibilityGlobals) = postSolution
		SolutionGuid = {E8298B7B-9C65-4901-B106-957D800B0D97}
	EndGlobalSection
EndGlobal
