
Microsoft Visual Studio Solution File, Format Version 12.00
# Visual Studio Version 17
VisualStudioVersion = 17.8.34316.72
MinimumVisualStudioVersion = 10.0.40219.1
Project("{9A19103F-16F7-4668-BE54-9A1E7A4F7556}") = "ZKWMDotNetCore.ConsoleApp", "ZKWMDotNetCore.ConsoleApp\ZKWMDotNetCore.ConsoleApp.csproj", "{D5200E60-7D75-476D-9729-2A59D2F4B642}"
EndProject
Project("{2150E333-8FDC-42A3-9474-1A3956D46DE8}") = "Documents", "Documents", "{748175E6-2DB7-4363-9A73-9A586ABC9CF0}"
	ProjectSection(SolutionItems) = preProject
		DotNetTrainingBatch4.sql = DotNetTrainingBatch4.sql
		README.md = README.md
	EndProjectSection
EndProject
Project("{9A19103F-16F7-4668-BE54-9A1E7A4F7556}") = "ZKWMDotNetCore.RestApi", "ZKWMDotNetCore.RestApi\ZKWMDotNetCore.RestApi.csproj", "{FCF2397A-0084-4D68-A8DB-79CA71C63A1C}"
EndProject
Project("{9A19103F-16F7-4668-BE54-9A1E7A4F7556}") = "ZKWMDotNetCore.Shared", "ZKWMDotNetCore.Shared\ZKWMDotNetCore.Shared.csproj", "{661B52B6-76C4-4796-B552-71478EA17DA8}"
EndProject
Project("{9A19103F-16F7-4668-BE54-9A1E7A4F7556}") = "ZKWMDotNetCore.RestApiWithNLayer", "ZKWMDotNetCore.RestApiWithNLayer\ZKWMDotNetCore.RestApiWithNLayer.csproj", "{1FBFF9EA-BB8C-4D07-BD64-39A24248265C}"
EndProject
Project("{9A19103F-16F7-4668-BE54-9A1E7A4F7556}") = "ZKWMDotNetCore.ConsoleAppHttpClient", "ZKWMDotNetCore.ConsoleAppHttpClient\ZKWMDotNetCore.ConsoleAppHttpClient.csproj", "{613D3807-EA15-41F3-8B01-8C6937434CB1}"
EndProject
Project("{9A19103F-16F7-4668-BE54-9A1E7A4F7556}") = "ZKWMDotNetCore.ConsoleAppHttpClientExample", "ZKWMDotNetCore.ConsoleAppHttpClientExample\ZKWMDotNetCore.ConsoleAppHttpClientExample.csproj", "{7B63C8B3-F466-48FE-BF23-674573F00F07}"
EndProject
Project("{9A19103F-16F7-4668-BE54-9A1E7A4F7556}") = "ZKWMDotNetCore.ConsoleAppRestClientExample", "ZKWMDotNetCore.ConsoleAppRestClientExample\ZKWMDotNetCore.ConsoleAppRestClientExample.csproj", "{99823305-B7DF-4ED0-A060-F07D082DE8EA}"
EndProject
Project("{9A19103F-16F7-4668-BE54-9A1E7A4F7556}") = "ZKWMDotNetCore.PizzaApi", "ZKWMDotNetCore.PizzaApi\ZKWMDotNetCore.PizzaApi.csproj", "{B293A1A6-26CA-4EBD-A8D0-6FE1DBC324D0}"
EndProject
Project("{9A19103F-16F7-4668-BE54-9A1E7A4F7556}") = "ZKWMDotNetCore.ConsoleAppRefitExamples", "ZKWMDotNetCore.ConsoleAppRefitExamples\ZKWMDotNetCore.ConsoleAppRefitExamples.csproj", "{93FE95D8-A53A-4878-9919-78FC7C81D3B1}"
EndProject
Project("{9A19103F-16F7-4668-BE54-9A1E7A4F7556}") = "ZKWMDotNetCore.WinFormsApp", "ZKWMDotNetCore.WinFormsApp\ZKWMDotNetCore.WinFormsApp.csproj", "{73BFBB7B-468A-4189-9B81-AEA2F48B2952}"
EndProject
Project("{FAE04EC0-301F-11D3-BF4B-00C04F79EFBC}") = "ZKWMDotNetCore.WinFormsAppSqlInjection", "ZKWMDotNetCore.WinFormsAppSqlInjection\ZKWMDotNetCore.WinFormsAppSqlInjection.csproj", "{D54459C1-85BC-413D-8653-0492F3795294}"
EndProject
Project("{FAE04EC0-301F-11D3-BF4B-00C04F79EFBC}") = "ZKWMDotNetCore.NLayer.UI", "ZKWMDotNetCore.NLayer.UI\ZKWMDotNetCore.NLayer.UI.csproj", "{F364125B-1AE4-44B7-AA4B-51E88564ACC3}"
EndProject
Project("{FAE04EC0-301F-11D3-BF4B-00C04F79EFBC}") = "ZKWMDotNetCore.NLayer.BusinessLogic", "ZKWMDotNetCore.NLayer.BusinessLogic\ZKWMDotNetCore.NLayer.BusinessLogic.csproj", "{5149E3F4-968D-4553-BDBE-3C36DF8586E6}"
EndProject
Project("{FAE04EC0-301F-11D3-BF4B-00C04F79EFBC}") = "ZKWMDotNetCore.NLayer.DataAccess", "ZKWMDotNetCore.NLayer.DataAccess\ZKWMDotNetCore.NLayer.DataAccess.csproj", "{679C6BAF-85C9-4C20-8458-1CE0CD056602}"
EndProject
Global
	GlobalSection(SolutionConfigurationPlatforms) = preSolution
		Debug|Any CPU = Debug|Any CPU
		Release|Any CPU = Release|Any CPU
	EndGlobalSection
	GlobalSection(ProjectConfigurationPlatforms) = postSolution
		{D5200E60-7D75-476D-9729-2A59D2F4B642}.Debug|Any CPU.ActiveCfg = Debug|Any CPU
		{D5200E60-7D75-476D-9729-2A59D2F4B642}.Debug|Any CPU.Build.0 = Debug|Any CPU
		{D5200E60-7D75-476D-9729-2A59D2F4B642}.Release|Any CPU.ActiveCfg = Release|Any CPU
		{D5200E60-7D75-476D-9729-2A59D2F4B642}.Release|Any CPU.Build.0 = Release|Any CPU
		{FCF2397A-0084-4D68-A8DB-79CA71C63A1C}.Debug|Any CPU.ActiveCfg = Debug|Any CPU
		{FCF2397A-0084-4D68-A8DB-79CA71C63A1C}.Debug|Any CPU.Build.0 = Debug|Any CPU
		{FCF2397A-0084-4D68-A8DB-79CA71C63A1C}.Release|Any CPU.ActiveCfg = Release|Any CPU
		{FCF2397A-0084-4D68-A8DB-79CA71C63A1C}.Release|Any CPU.Build.0 = Release|Any CPU
		{661B52B6-76C4-4796-B552-71478EA17DA8}.Debug|Any CPU.ActiveCfg = Debug|Any CPU
		{661B52B6-76C4-4796-B552-71478EA17DA8}.Debug|Any CPU.Build.0 = Debug|Any CPU
		{661B52B6-76C4-4796-B552-71478EA17DA8}.Release|Any CPU.ActiveCfg = Release|Any CPU
		{661B52B6-76C4-4796-B552-71478EA17DA8}.Release|Any CPU.Build.0 = Release|Any CPU
		{1FBFF9EA-BB8C-4D07-BD64-39A24248265C}.Debug|Any CPU.ActiveCfg = Debug|Any CPU
		{1FBFF9EA-BB8C-4D07-BD64-39A24248265C}.Debug|Any CPU.Build.0 = Debug|Any CPU
		{1FBFF9EA-BB8C-4D07-BD64-39A24248265C}.Release|Any CPU.ActiveCfg = Release|Any CPU
		{1FBFF9EA-BB8C-4D07-BD64-39A24248265C}.Release|Any CPU.Build.0 = Release|Any CPU
		{613D3807-EA15-41F3-8B01-8C6937434CB1}.Debug|Any CPU.ActiveCfg = Debug|Any CPU
		{613D3807-EA15-41F3-8B01-8C6937434CB1}.Debug|Any CPU.Build.0 = Debug|Any CPU
		{613D3807-EA15-41F3-8B01-8C6937434CB1}.Release|Any CPU.ActiveCfg = Release|Any CPU
		{613D3807-EA15-41F3-8B01-8C6937434CB1}.Release|Any CPU.Build.0 = Release|Any CPU
		{7B63C8B3-F466-48FE-BF23-674573F00F07}.Debug|Any CPU.ActiveCfg = Debug|Any CPU
		{7B63C8B3-F466-48FE-BF23-674573F00F07}.Debug|Any CPU.Build.0 = Debug|Any CPU
		{7B63C8B3-F466-48FE-BF23-674573F00F07}.Release|Any CPU.ActiveCfg = Release|Any CPU
		{7B63C8B3-F466-48FE-BF23-674573F00F07}.Release|Any CPU.Build.0 = Release|Any CPU
		{99823305-B7DF-4ED0-A060-F07D082DE8EA}.Debug|Any CPU.ActiveCfg = Debug|Any CPU
		{99823305-B7DF-4ED0-A060-F07D082DE8EA}.Debug|Any CPU.Build.0 = Debug|Any CPU
		{99823305-B7DF-4ED0-A060-F07D082DE8EA}.Release|Any CPU.ActiveCfg = Release|Any CPU
		{99823305-B7DF-4ED0-A060-F07D082DE8EA}.Release|Any CPU.Build.0 = Release|Any CPU
		{B293A1A6-26CA-4EBD-A8D0-6FE1DBC324D0}.Debug|Any CPU.ActiveCfg = Debug|Any CPU
		{B293A1A6-26CA-4EBD-A8D0-6FE1DBC324D0}.Debug|Any CPU.Build.0 = Debug|Any CPU
		{B293A1A6-26CA-4EBD-A8D0-6FE1DBC324D0}.Release|Any CPU.ActiveCfg = Release|Any CPU
		{B293A1A6-26CA-4EBD-A8D0-6FE1DBC324D0}.Release|Any CPU.Build.0 = Release|Any CPU
		{93FE95D8-A53A-4878-9919-78FC7C81D3B1}.Debug|Any CPU.ActiveCfg = Debug|Any CPU
		{93FE95D8-A53A-4878-9919-78FC7C81D3B1}.Debug|Any CPU.Build.0 = Debug|Any CPU
		{93FE95D8-A53A-4878-9919-78FC7C81D3B1}.Release|Any CPU.ActiveCfg = Release|Any CPU
		{93FE95D8-A53A-4878-9919-78FC7C81D3B1}.Release|Any CPU.Build.0 = Release|Any CPU
		{73BFBB7B-468A-4189-9B81-AEA2F48B2952}.Debug|Any CPU.ActiveCfg = Debug|Any CPU
		{73BFBB7B-468A-4189-9B81-AEA2F48B2952}.Debug|Any CPU.Build.0 = Debug|Any CPU
		{73BFBB7B-468A-4189-9B81-AEA2F48B2952}.Release|Any CPU.ActiveCfg = Release|Any CPU
		{73BFBB7B-468A-4189-9B81-AEA2F48B2952}.Release|Any CPU.Build.0 = Release|Any CPU
		{D54459C1-85BC-413D-8653-0492F3795294}.Debug|Any CPU.ActiveCfg = Debug|Any CPU
		{D54459C1-85BC-413D-8653-0492F3795294}.Debug|Any CPU.Build.0 = Debug|Any CPU
		{D54459C1-85BC-413D-8653-0492F3795294}.Release|Any CPU.ActiveCfg = Release|Any CPU
		{D54459C1-85BC-413D-8653-0492F3795294}.Release|Any CPU.Build.0 = Release|Any CPU
		{F364125B-1AE4-44B7-AA4B-51E88564ACC3}.Debug|Any CPU.ActiveCfg = Debug|Any CPU
		{F364125B-1AE4-44B7-AA4B-51E88564ACC3}.Debug|Any CPU.Build.0 = Debug|Any CPU
		{F364125B-1AE4-44B7-AA4B-51E88564ACC3}.Release|Any CPU.ActiveCfg = Release|Any CPU
		{F364125B-1AE4-44B7-AA4B-51E88564ACC3}.Release|Any CPU.Build.0 = Release|Any CPU
		{5149E3F4-968D-4553-BDBE-3C36DF8586E6}.Debug|Any CPU.ActiveCfg = Debug|Any CPU
		{5149E3F4-968D-4553-BDBE-3C36DF8586E6}.Debug|Any CPU.Build.0 = Debug|Any CPU
		{5149E3F4-968D-4553-BDBE-3C36DF8586E6}.Release|Any CPU.ActiveCfg = Release|Any CPU
		{5149E3F4-968D-4553-BDBE-3C36DF8586E6}.Release|Any CPU.Build.0 = Release|Any CPU
		{679C6BAF-85C9-4C20-8458-1CE0CD056602}.Debug|Any CPU.ActiveCfg = Debug|Any CPU
		{679C6BAF-85C9-4C20-8458-1CE0CD056602}.Debug|Any CPU.Build.0 = Debug|Any CPU
		{679C6BAF-85C9-4C20-8458-1CE0CD056602}.Release|Any CPU.ActiveCfg = Release|Any CPU
		{679C6BAF-85C9-4C20-8458-1CE0CD056602}.Release|Any CPU.Build.0 = Release|Any CPU
	EndGlobalSection
	GlobalSection(SolutionProperties) = preSolution
		HideSolutionNode = FALSE
	EndGlobalSection
	GlobalSection(ExtensibilityGlobals) = postSolution
		SolutionGuid = {E8298B7B-9C65-4901-B106-957D800B0D97}
	EndGlobalSection
EndGlobal
